
Microsoft Visual Studio Solution File, Format Version 12.00
# Visual Studio Version 17
VisualStudioVersion = 17.5.33516.290
MinimumVisualStudioVersion = 10.0.40219.1
Project("{8BC9CEB8-8B4A-11D0-8D11-00A0C91BC942}") = "DuneEngine", "DuneEngine\DuneEngine.vcxproj", "{4E8A7BD2-878F-4381-B129-6CE9B232C4E2}"
	ProjectSection(ProjectDependencies) = postProject
		{6423B652-03DA-48CD-8F13-3F946A11EB77} = {6423B652-03DA-48CD-8F13-3F946A11EB77}
	EndProjectSection
EndProject
Project("{8BC9CEB8-8B4A-11D0-8D11-00A0C91BC942}") = "DuneTest", "DuneTest\DuneTest.vcxproj", "{8D5FDD05-098D-4FCC-8A16-075C534281CF}"
EndProject
Project("{2150E333-8FDC-42A3-9474-1A3956D46DE8}") = "ThirdParties", "ThirdParties", "{834F0B89-F32F-4423-A331-71B876C1B349}"
EndProject
Project("{8BC9CEB8-8B4A-11D0-8D11-00A0C91BC942}") = "imgui", "ThirdParties\imgui\imgui.vcxproj", "{6423B652-03DA-48CD-8F13-3F946A11EB77}"
EndProject
Project("{8BC9CEB8-8B4A-11D0-8D11-00A0C91BC942}") = "Optick", "ThirdParties\Optick\Optick.vcxproj", "{31FBDCBA-D741-46E6-B840-5E8E96021BDA}"
EndProject
Project("{8BC9CEB8-8B4A-11D0-8D11-00A0C91BC942}") = "ImGuizmo", "ThirdParties\ImGuizmo\ImGuizmo.vcxproj", "{62471FC0-2D1D-49A7-8C5E-D288095CAC23}"
	ProjectSection(ProjectDependencies) = postProject
		{6423B652-03DA-48CD-8F13-3F946A11EB77} = {6423B652-03DA-48CD-8F13-3F946A11EB77}
	EndProjectSection
EndProject
Global
	GlobalSection(SolutionConfigurationPlatforms) = preSolution
		Debug|x64 = Debug|x64
		Release|x64 = Release|x64
	EndGlobalSection
	GlobalSection(ProjectConfigurationPlatforms) = postSolution
		{4E8A7BD2-878F-4381-B129-6CE9B232C4E2}.Debug|x64.ActiveCfg = Debug|x64
		{4E8A7BD2-878F-4381-B129-6CE9B232C4E2}.Debug|x64.Build.0 = Debug|x64
		{4E8A7BD2-878F-4381-B129-6CE9B232C4E2}.Release|x64.ActiveCfg = Release|x64
		{4E8A7BD2-878F-4381-B129-6CE9B232C4E2}.Release|x64.Build.0 = Release|x64
		{8D5FDD05-098D-4FCC-8A16-075C534281CF}.Debug|x64.ActiveCfg = Debug|x64
		{8D5FDD05-098D-4FCC-8A16-075C534281CF}.Debug|x64.Build.0 = Debug|x64
		{8D5FDD05-098D-4FCC-8A16-075C534281CF}.Release|x64.ActiveCfg = Release|x64
		{8D5FDD05-098D-4FCC-8A16-075C534281CF}.Release|x64.Build.0 = Release|x64
		{6423B652-03DA-48CD-8F13-3F946A11EB77}.Debug|x64.ActiveCfg = Debug|x64
		{6423B652-03DA-48CD-8F13-3F946A11EB77}.Debug|x64.Build.0 = Debug|x64
		{6423B652-03DA-48CD-8F13-3F946A11EB77}.Release|x64.ActiveCfg = Release|x64
		{6423B652-03DA-48CD-8F13-3F946A11EB77}.Release|x64.Build.0 = Release|x64
		{31FBDCBA-D741-46E6-B840-5E8E96021BDA}.Debug|x64.ActiveCfg = Debug|x64
		{31FBDCBA-D741-46E6-B840-5E8E96021BDA}.Debug|x64.Build.0 = Debug|x64
		{31FBDCBA-D741-46E6-B840-5E8E96021BDA}.Release|x64.ActiveCfg = Release|x64
		{31FBDCBA-D741-46E6-B840-5E8E96021BDA}.Release|x64.Build.0 = Release|x64
		{62471FC0-2D1D-49A7-8C5E-D288095CAC23}.Debug|x64.ActiveCfg = Debug|x64
		{62471FC0-2D1D-49A7-8C5E-D288095CAC23}.Debug|x64.Build.0 = Debug|x64
		{62471FC0-2D1D-49A7-8C5E-D288095CAC23}.Release|x64.ActiveCfg = Release|x64
		{62471FC0-2D1D-49A7-8C5E-D288095CAC23}.Release|x64.Build.0 = Release|x64
	EndGlobalSection
	GlobalSection(SolutionProperties) = preSolution
		HideSolutionNode = FALSE
	EndGlobalSection
	GlobalSection(NestedProjects) = preSolution
		{6423B652-03DA-48CD-8F13-3F946A11EB77} = {834F0B89-F32F-4423-A331-71B876C1B349}
		{31FBDCBA-D741-46E6-B840-5E8E96021BDA} = {834F0B89-F32F-4423-A331-71B876C1B349}
		{62471FC0-2D1D-49A7-8C5E-D288095CAC23} = {834F0B89-F32F-4423-A331-71B876C1B349}
	EndGlobalSection
	GlobalSection(ExtensibilityGlobals) = postSolution
		SolutionGuid = {DECCD3B3-ADFA-4CC6-AFBE-9135A15220D1}
	EndGlobalSection
EndGlobal
