<?xml version="1.0" encoding="utf-8"?>
<Project ToolsVersion="17.0" xmlns="http://schemas.microsoft.com/developer/msbuild/2003">
  <ItemGroup>
    <CustomBuild Include="C:\Users\Benoit\source\repos\assimp\CMakeFiles\0f6c6478f2a0d6e0a872bf1b2e4dcdb0\INSTALL_force.rule">
      <Filter>CMake Rules</Filter>
    </CustomBuild>
  </ItemGroup>
  <ItemGroup>
    <Filter Include="CMake Rules">
      <UniqueIdentifier>{A13005A0-EE57-3BF0-8DB6-C9367B293564}</UniqueIdentifier>
    </Filter>
  </ItemGroup>
</Project>
