<?xml version="1.0" encoding="utf-8"?>
<Project ToolsVersion="4.0" xmlns="http://schemas.microsoft.com/developer/msbuild/2003">
  <ItemGroup>
    <ClInclude Include="include\Dune\Core\ECS\Components\BindingComponent.h">
      <Filter>Dune\Core\ECS\Component</Filter>
    </ClInclude>
    <ClInclude Include="include\Dune\Core\ECS\Components\DirectionalLightComponent.h">
      <Filter>Dune\Core\ECS\Component</Filter>
    </ClInclude>
    <ClInclude Include="include\Dune\Core\ECS\Components\GraphicsComponent.h">
      <Filter>Dune\Core\ECS\Component</Filter>
    </ClInclude>
    <ClInclude Include="include\Dune\Core\ECS\Components\ComponentContainer.h">
      <Filter>Dune\Core\ECS\Component</Filter>
    </ClInclude>
    <ClInclude Include="include\Dune\Core\ECS\EntityManager.h">
      <Filter>Dune\Core\ECS</Filter>
    </ClInclude>
    <ClInclude Include="include\Dune\Core\EngineCore.h">
      <Filter>Dune\Core</Filter>
    </ClInclude>
    <ClInclude Include="include\Dune\Common\ID.h">
      <Filter>Dune\Common</Filter>
    </ClInclude>
    <ClInclude Include="include\Dune\Common\Handle.h">
      <Filter>Dune\Common</Filter>
    </ClInclude>
    <ClInclude Include="include\Dune\Core\Input.h">
      <Filter>Dune\Core</Filter>
    </ClInclude>
    <ClInclude Include="include\Dune\Core\Logger.h">
      <Filter>Dune\Core</Filter>
    </ClInclude>
    <ClInclude Include="include\Dune\Common\Macro.h">
      <Filter>Dune\Common</Filter>
    </ClInclude>
    <ClInclude Include="include\Dune\Core\Graphics\Mesh.h">
      <Filter>Dune\Core\Graphics</Filter>
    </ClInclude>
    <ClInclude Include="include\Dune\Core\ECS\Components\PointLightComponent.h">
      <Filter>Dune\Core\ECS\Component</Filter>
    </ClInclude>
    <ClInclude Include="include\Dune\Core\Graphics\Renderer.h">
      <Filter>Dune\Core\Graphics</Filter>
    </ClInclude>
    <ClInclude Include="include\Dune\Common\Pool.h">
      <Filter>Dune\Common</Filter>
    </ClInclude>
    <ClInclude Include="include\Dune\Core\SceneGraph.h">
      <Filter>Dune\Core</Filter>
    </ClInclude>
    <ClInclude Include="include\Dune\Utilities\StringUtils.h">
      <Filter>Dune\Utilities</Filter>
    </ClInclude>
    <ClInclude Include="include\Dune\Common\Types.h">
      <Filter>Dune\Common</Filter>
    </ClInclude>
    <ClInclude Include="include\Dune\Core\ECS\Components\TransformComponent.h">
      <Filter>Dune\Core\ECS\Component</Filter>
    </ClInclude>
    <ClInclude Include="include\Dune.h">
      <Filter>Dune</Filter>
    </ClInclude>
    <ClInclude Include="pch.h">
      <Filter>Dune</Filter>
    </ClInclude>
    <ClInclude Include="include\Dune\Utilities\MeshLoader.h">
      <Filter>Dune\Utilities</Filter>
    </ClInclude>
    <ClInclude Include="include\Dune\Core\Graphics\Shaders\PointLight.h">
      <Filter>Dune\Core\Graphics\Shader</Filter>
    </ClInclude>
    <ClInclude Include="include\Dune\Core\Graphics\Shaders\DirectionalLight.h">
      <Filter>Dune\Core\Graphics\Shader</Filter>
    </ClInclude>
    <ClInclude Include="include\Dune\Utilities\Utils.h">
      <Filter>Dune\Utilities</Filter>
    </ClInclude>
    <ClInclude Include="include\Dune\Core\Graphics\Shaders\PostProcessGlobals.h">
      <Filter>Dune\Core\Graphics\Shader</Filter>
    </ClInclude>
    <ClInclude Include="include\Dune\Core\JobSystem.h">
      <Filter>Dune\Core</Filter>
    </ClInclude>
    <ClInclude Include="include\Dune\Core\Graphics.h">
      <Filter>Dune\Core</Filter>
    </ClInclude>
    <ClInclude Include="src\Dune\Core\Graphics\Platform\GraphicsDX12.h">
      <Filter>Dune\Core\Graphics\Platform</Filter>
    </ClInclude>
    <ClInclude Include="include\Dune\Core\Graphics\Window.h">
      <Filter>Dune\Core\Graphics\Platform</Filter>
    </ClInclude>
    <ClInclude Include="include\Dune\Core\Graphics\Shaders\PBR.h">
      <Filter>Dune\Core\Graphics\Shader</Filter>
    </ClInclude>
    <ClInclude Include="include\Dune\Core\Graphics\Shaders\ShaderTypes.h">
      <Filter>Dune\Core\Graphics\Shader</Filter>
    </ClInclude>
    <ClInclude Include="include\Dune\Utilities\SimpleCameraController.h">
      <Filter>Dune\Utilities</Filter>
    </ClInclude>
    <ClInclude Include="include\Dune\Utilities\DDSLoader.h">
      <Filter>Dune\Utilities</Filter>
    </ClInclude>
    <ClInclude Include="include\Dune\Core\Graphics\Camera.h">
      <Filter>Dune\Core\Graphics</Filter>
    </ClInclude>
    <ClInclude Include="src\Dune\Core\Graphics\Platform\WindowInternal.h">
      <Filter>Dune\Core\Graphics\Platform</Filter>
    </ClInclude>
  </ItemGroup>
  <ItemGroup>
    <ClCompile Include="src\Dune\Core\ECS\Components\GraphicsComponent.cpp">
      <Filter>Dune\Core\ECS\Component</Filter>
    </ClCompile>
    <ClCompile Include="src\Dune\Core\ECS\EntityManager.cpp">
      <Filter>Dune\Core\ECS</Filter>
    </ClCompile>
    <ClCompile Include="src\Dune\Core\EngineCore.cpp">
      <Filter>Dune\Core</Filter>
    </ClCompile>
    <ClCompile Include="src\Dune\Core\Input.cpp">
      <Filter>Dune\Core</Filter>
    </ClCompile>
    <ClCompile Include="src\Dune\Core\Logger.cpp">
      <Filter>Dune\Core</Filter>
    </ClCompile>
    <ClCompile Include="src\Dune\Core\Graphics\Mesh.cpp">
      <Filter>Dune\Core\Graphics</Filter>
    </ClCompile>
    <ClCompile Include="src\Dune\Core\Graphics\Renderer.cpp">
      <Filter>Dune\Core\Graphics</Filter>
    </ClCompile>
    <ClCompile Include="src\Dune\Core\SceneGraph.cpp">
      <Filter>Dune\Core</Filter>
    </ClCompile>
    <ClCompile Include="pch.cpp">
      <Filter>Dune</Filter>
    </ClCompile>
    <ClCompile Include="src\Dune\Utilities\MeshLoader.cpp">
      <Filter>Dune\Utilities</Filter>
    </ClCompile>
    <ClCompile Include="src\Dune\Core\JobSystem.cpp">
      <Filter>Dune\Core</Filter>
    </ClCompile>
    <ClCompile Include="src\Dune\Core\Graphics\Platform\GraphicsDX12.cpp">
      <Filter>Dune\Core\Graphics\Platform</Filter>
    </ClCompile>
    <ClCompile Include="src\Dune\Core\Graphics\Platform\WindowInternal.cpp">
      <Filter>Dune\Core\Graphics\Platform</Filter>
    </ClCompile>
    <ClCompile Include="src\Dune\Utilities\SimpleCameraController.cpp">
      <Filter>Dune\Utilities</Filter>
    </ClCompile>
    <ClCompile Include="src\Dune\Utilities\DDSLoader.cpp">
      <Filter>Dune\Utilities</Filter>
    </ClCompile>
    <ClCompile Include="src\Dune\Core\Graphics\Camera.cpp">
      <Filter>Dune\Core\Graphics</Filter>
    </ClCompile>
  </ItemGroup>
  <ItemGroup>
    <None Include="include\Dune\Core\Graphics\Shaders\Default.hlsl">
      <Filter>Dune\Core\Graphics\Shader</Filter>
    </None>
    <None Include="include\Dune\Core\Graphics\Shaders\DepthWrite.hlsl">
      <Filter>Dune\Core\Graphics\Shader</Filter>
    </None>
    <None Include="include\Dune\Core\Graphics\Shaders\PBR.hlsl">
      <Filter>Dune\Core\Graphics\Shader</Filter>
    </None>
    <None Include="include\Dune\Core\Graphics\Shaders\PostProcess.hlsl">
      <Filter>Dune\Core\Graphics\Shader</Filter>
    </None>
    <None Include="include\Dune\Core\Graphics\Shaders\Test.hlsl">
      <Filter>Dune\Core\Graphics\Shader</Filter>
    </None>
    <None Include="packages.config" />
  </ItemGroup>
  <ItemGroup>
    <Filter Include="Dune">
      <UniqueIdentifier>{11174586-51f2-40d5-90a1-87c4ccbb601b}</UniqueIdentifier>
    </Filter>
    <Filter Include="Dune\Core">
      <UniqueIdentifier>{694541c6-96f2-4f44-ae4e-601e643b4858}</UniqueIdentifier>
    </Filter>
    <Filter Include="Dune\Core\ECS">
      <UniqueIdentifier>{3fe98755-a7a4-4c24-8afe-52ccce619281}</UniqueIdentifier>
    </Filter>
    <Filter Include="Dune\Core\ECS\Component">
      <UniqueIdentifier>{27edc9e7-5f9e-4480-8392-f8c544145144}</UniqueIdentifier>
    </Filter>
    <Filter Include="Dune\Common">
      <UniqueIdentifier>{b71fb8c9-cd47-4211-8b73-2f3ca412bff7}</UniqueIdentifier>
    </Filter>
    <Filter Include="Dune\Core\Graphics">
      <UniqueIdentifier>{78921c41-9947-4ab1-b553-aab00a88cdea}</UniqueIdentifier>
    </Filter>
    <Filter Include="Dune\Core\Graphics\Shader">
      <UniqueIdentifier>{df74b725-f633-452c-9fba-ebcdaa67b2ba}</UniqueIdentifier>
    </Filter>
    <Filter Include="Dune\Core\Graphics\Platform">
      <UniqueIdentifier>{7de3f997-37c6-412d-829a-ccf2ebc29c48}</UniqueIdentifier>
    </Filter>
    <Filter Include="Dune\Utilities">
      <UniqueIdentifier>{bd6dcf96-7182-425d-b008-55e8c5df4a98}</UniqueIdentifier>
    </Filter>
  </ItemGroup>
</Project>